
Microsoft Visual Studio Solution File, Format Version 12.00
# Visual Studio 15
VisualStudioVersion = 15.0.28307.1259
MinimumVisualStudioVersion = 10.0.40219.1
Project("{FAE04EC0-301F-11D3-BF4B-00C04F79EFBC}") = "SATApplication", "SATApplication\SATApplication.csproj", "{1497A873-F970-4845-9024-4633F42B555F}"
EndProject
Global
	GlobalSection(SolutionConfigurationPlatforms) = preSolution
		Debug|Any CPU = Debug|Any CPU
		Release|Any CPU = Release|Any CPU
	EndGlobalSection
	GlobalSection(ProjectConfigurationPlatforms) = postSolution
		{1497A873-F970-4845-9024-4633F42B555F}.Debug|Any CPU.ActiveCfg = Debug|Any CPU
		{1497A873-F970-4845-9024-4633F42B555F}.Debug|Any CPU.Build.0 = Debug|Any CPU
		{1497A873-F970-4845-9024-4633F42B555F}.Release|Any CPU.ActiveCfg = Release|Any CPU
		{1497A873-F970-4845-9024-4633F42B555F}.Release|Any CPU.Build.0 = Release|Any CPU
	EndGlobalSection
	GlobalSection(SolutionProperties) = preSolution
		HideSolutionNode = FALSE
	EndGlobalSection
	GlobalSection(ExtensibilityGlobals) = postSolution
		SolutionGuid = {E46ACECC-94D7-4849-9DF8-ACCC98D70270}
	EndGlobalSection
EndGlobal
